// !$*UTF8*$!
{
	archiveVersion = 1;
	classes = {
	};
	objectVersion = 46;
	objects = {

/* Begin PBXBuildFile section */
		9B66D35E1D073EFC0099C670 /* AppDelegate.swift in Sources */ = {isa = PBXBuildFile; fileRef = 9B66D35D1D073EFC0099C670 /* AppDelegate.swift */; };
		9B66D3601D073EFC0099C670 /* ViewController.swift in Sources */ = {isa = PBXBuildFile; fileRef = 9B66D35F1D073EFC0099C670 /* ViewController.swift */; };
		9B66D3631D073EFC0099C670 /* Main.storyboard in Resources */ = {isa = PBXBuildFile; fileRef = 9B66D3611D073EFC0099C670 /* Main.storyboard */; };
		9B66D3661D073EFC0099C670 /* Electronic_Eye_Manager.xcdatamodeld in Sources */ = {isa = PBXBuildFile; fileRef = 9B66D3641D073EFC0099C670 /* Electronic_Eye_Manager.xcdatamodeld */; };
		9B66D3681D073EFC0099C670 /* Assets.xcassets in Resources */ = {isa = PBXBuildFile; fileRef = 9B66D3671D073EFC0099C670 /* Assets.xcassets */; };
		9B66D36B1D073EFC0099C670 /* LaunchScreen.storyboard in Resources */ = {isa = PBXBuildFile; fileRef = 9B66D3691D073EFC0099C670 /* LaunchScreen.storyboard */; };
		9B66D3731D073FCE0099C670 /* globalVars.swift in Sources */ = {isa = PBXBuildFile; fileRef = 9B66D3721D073FCE0099C670 /* globalVars.swift */; };
		9BB8DADE1D07523400B6F10C /* MonthEyeCell.swift in Sources */ = {isa = PBXBuildFile; fileRef = 9BB8DADD1D07523400B6F10C /* MonthEyeCell.swift */; };
		9BB8DAE01D0754C900B6F10C /* MonthEyeTableView.swift in Sources */ = {isa = PBXBuildFile; fileRef = 9BB8DADF1D0754C900B6F10C /* MonthEyeTableView.swift */; };
		9BB8DAE21D07558700B6F10C /* TableViewController.swift in Sources */ = {isa = PBXBuildFile; fileRef = 9BB8DAE11D07558700B6F10C /* TableViewController.swift */; };
/* End PBXBuildFile section */

/* Begin PBXFileReference section */
		9B66D35A1D073EFC0099C670 /* Electronic Eye Manager.app */ = {isa = PBXFileReference; explicitFileType = wrapper.application; includeInIndex = 0; path = "Electronic Eye Manager.app"; sourceTree = BUILT_PRODUCTS_DIR; };
		9B66D35D1D073EFC0099C670 /* AppDelegate.swift */ = {isa = PBXFileReference; lastKnownFileType = sourcecode.swift; path = AppDelegate.swift; sourceTree = "<group>"; };
		9B66D35F1D073EFC0099C670 /* ViewController.swift */ = {isa = PBXFileReference; lastKnownFileType = sourcecode.swift; path = ViewController.swift; sourceTree = "<group>"; };
		9B66D3621D073EFC0099C670 /* Base */ = {isa = PBXFileReference; lastKnownFileType = file.storyboard; name = Base; path = Base.lproj/Main.storyboard; sourceTree = "<group>"; };
		9B66D3651D073EFC0099C670 /* Electronic_Eye_Manager.xcdatamodel */ = {isa = PBXFileReference; lastKnownFileType = wrapper.xcdatamodel; path = Electronic_Eye_Manager.xcdatamodel; sourceTree = "<group>"; };
		9B66D3671D073EFC0099C670 /* Assets.xcassets */ = {isa = PBXFileReference; lastKnownFileType = folder.assetcatalog; path = Assets.xcassets; sourceTree = "<group>"; };
		9B66D36A1D073EFC0099C670 /* Base */ = {isa = PBXFileReference; lastKnownFileType = file.storyboard; name = Base; path = Base.lproj/LaunchScreen.storyboard; sourceTree = "<group>"; };
		9B66D36C1D073EFC0099C670 /* Info.plist */ = {isa = PBXFileReference; lastKnownFileType = text.plist.xml; path = Info.plist; sourceTree = "<group>"; };
		9B66D3721D073FCE0099C670 /* globalVars.swift */ = {isa = PBXFileReference; fileEncoding = 4; lastKnownFileType = sourcecode.swift; path = globalVars.swift; sourceTree = "<group>"; };
		9BB8DADD1D07523400B6F10C /* MonthEyeCell.swift */ = {isa = PBXFileReference; fileEncoding = 4; lastKnownFileType = sourcecode.swift; name = MonthEyeCell.swift; path = ../MonthEyeCell.swift; sourceTree = "<group>"; };
		9BB8DADF1D0754C900B6F10C /* MonthEyeTableView.swift */ = {isa = PBXFileReference; fileEncoding = 4; lastKnownFileType = sourcecode.swift; path = MonthEyeTableView.swift; sourceTree = "<group>"; };
		9BB8DAE11D07558700B6F10C /* TableViewController.swift */ = {isa = PBXFileReference; fileEncoding = 4; lastKnownFileType = sourcecode.swift; path = TableViewController.swift; sourceTree = "<group>"; };
/* End PBXFileReference section */

/* Begin PBXFrameworksBuildPhase section */
		9B66D3571D073EFC0099C670 /* Frameworks */ = {
			isa = PBXFrameworksBuildPhase;
			buildActionMask = 2147483647;
			files = (
			);
			runOnlyForDeploymentPostprocessing = 0;
		};
/* End PBXFrameworksBuildPhase section */

/* Begin PBXGroup section */
		9B66D3511D073EFC0099C670 = {
			isa = PBXGroup;
			children = (
				9B66D35C1D073EFC0099C670 /* Electronic Eye Manager */,
				9B66D35B1D073EFC0099C670 /* Products */,
			);
			sourceTree = "<group>";
		};
		9B66D35B1D073EFC0099C670 /* Products */ = {
			isa = PBXGroup;
			children = (
				9B66D35A1D073EFC0099C670 /* Electronic Eye Manager.app */,
			);
			name = Products;
			sourceTree = "<group>";
		};
		9B66D35C1D073EFC0099C670 /* Electronic Eye Manager */ = {
			isa = PBXGroup;
			children = (
				9B66D35D1D073EFC0099C670 /* AppDelegate.swift */,
				9B66D35F1D073EFC0099C670 /* ViewController.swift */,
				9BB8DAE11D07558700B6F10C /* TableViewController.swift */,
				9BB8DADD1D07523400B6F10C /* MonthEyeCell.swift */,
				9BB8DADF1D0754C900B6F10C /* MonthEyeTableView.swift */,
				9B66D3721D073FCE0099C670 /* globalVars.swift */,
				9B66D3611D073EFC0099C670 /* Main.storyboard */,
				9B66D3671D073EFC0099C670 /* Assets.xcassets */,
				9B66D3691D073EFC0099C670 /* LaunchScreen.storyboard */,
				9B66D36C1D073EFC0099C670 /* Info.plist */,
				9B66D3641D073EFC0099C670 /* Electronic_Eye_Manager.xcdatamodeld */,
			);
			path = "Electronic Eye Manager";
			sourceTree = "<group>";
		};
/* End PBXGroup section */

/* Begin PBXNativeTarget section */
		9B66D3591D073EFC0099C670 /* Electronic Eye Manager */ = {
			isa = PBXNativeTarget;
			buildConfigurationList = 9B66D36F1D073EFC0099C670 /* Build configuration list for PBXNativeTarget "Electronic Eye Manager" */;
			buildPhases = (
				9B66D3561D073EFC0099C670 /* Sources */,
				9B66D3571D073EFC0099C670 /* Frameworks */,
				9B66D3581D073EFC0099C670 /* Resources */,
			);
			buildRules = (
			);
			dependencies = (
			);
			name = "Electronic Eye Manager";
			productName = "Electronic Eye Manager";
			productReference = 9B66D35A1D073EFC0099C670 /* Electronic Eye Manager.app */;
			productType = "com.apple.product-type.application";
		};
/* End PBXNativeTarget section */

/* Begin PBXProject section */
		9B66D3521D073EFC0099C670 /* Project object */ = {
			isa = PBXProject;
			attributes = {
				LastSwiftUpdateCheck = 0730;
				LastUpgradeCheck = 0730;
				ORGANIZATIONNAME = Skullcup;
				TargetAttributes = {
					9B66D3591D073EFC0099C670 = {
						CreatedOnToolsVersion = 7.3.1;
					};
				};
			};
			buildConfigurationList = 9B66D3551D073EFC0099C670 /* Build configuration list for PBXProject "Electronic Eye Manager" */;
			compatibilityVersion = "Xcode 3.2";
			developmentRegion = English;
			hasScannedForEncodings = 0;
			knownRegions = (
				en,
				Base,
			);
			mainGroup = 9B66D3511D073EFC0099C670;
			productRefGroup = 9B66D35B1D073EFC0099C670 /* Products */;
			projectDirPath = "";
			projectRoot = "";
			targets = (
				9B66D3591D073EFC0099C670 /* Electronic Eye Manager */,
			);
		};
/* End PBXProject section */

/* Begin PBXResourcesBuildPhase section */
		9B66D3581D073EFC0099C670 /* Resources */ = {
			isa = PBXResourcesBuildPhase;
			buildActionMask = 2147483647;
			files = (
				9B66D36B1D073EFC0099C670 /* LaunchScreen.storyboard in Resources */,
				9B66D3681D073EFC0099C670 /* Assets.xcassets in Resources */,
				9B66D3631D073EFC0099C670 /* Main.storyboard in Resources */,
			);
			runOnlyForDeploymentPostprocessing = 0;
		};
/* End PBXResourcesBuildPhase section */

/* Begin PBXSourcesBuildPhase section */
		9B66D3561D073EFC0099C670 /* Sources */ = {
			isa = PBXSourcesBuildPhase;
			buildActionMask = 2147483647;
			files = (
				9B66D3731D073FCE0099C670 /* globalVars.swift in Sources */,
				9BB8DAE21D07558700B6F10C /* TableViewController.swift in Sources */,
				9BB8DADE1D07523400B6F10C /* MonthEyeCell.swift in Sources */,
				9BB8DAE01D0754C900B6F10C /* MonthEyeTableView.swift in Sources */,
				9B66D3601D073EFC0099C670 /* ViewController.swift in Sources */,
				9B66D3661D073EFC0099C670 /* Electronic_Eye_Manager.xcdatamodeld in Sources */,
				9B66D35E1D073EFC0099C670 /* AppDelegate.swift in Sources */,
			);
			runOnlyForDeploymentPostprocessing = 0;
		};
/* End PBXSourcesBuildPhase section */

/* Begin PBXVariantGroup section */
		9B66D3611D073EFC0099C670 /* Main.storyboard */ = {
			isa = PBXVariantGroup;
			children = (
				9B66D3621D073EFC0099C670 /* Base */,
			);
			name = Main.storyboard;
			sourceTree = "<group>";
		};
		9B66D3691D073EFC0099C670 /* LaunchScreen.storyboard */ = {
			isa = PBXVariantGroup;
			children = (
				9B66D36A1D073EFC0099C670 /* Base */,
			);
			name = LaunchScreen.storyboard;
			sourceTree = "<group>";
		};
/* End PBXVariantGroup section */

/* Begin XCBuildConfiguration section */
		9B66D36D1D073EFC0099C670 /* Debug */ = {
			isa = XCBuildConfiguration;
			buildSettings = {
				ALWAYS_SEARCH_USER_PATHS = NO;
				CLANG_ANALYZER_NONNULL = YES;
				CLANG_CXX_LANGUAGE_STANDARD = "gnu++0x";
				CLANG_CXX_LIBRARY = "libc++";
				CLANG_ENABLE_MODULES = YES;
				CLANG_ENABLE_OBJC_ARC = YES;
				CLANG_WARN_BOOL_CONVERSION = YES;
				CLANG_WARN_CONSTANT_CONVERSION = YES;
				CLANG_WARN_DIRECT_OBJC_ISA_USAGE = YES_ERROR;
				CLANG_WARN_EMPTY_BODY = YES;
				CLANG_WARN_ENUM_CONVERSION = YES;
				CLANG_WARN_INT_CONVERSION = YES;
				CLANG_WARN_OBJC_ROOT_CLASS = YES_ERROR;
				CLANG_WARN_UNREACHABLE_CODE = YES;
				CLANG_WARN__DUPLICATE_METHOD_MATCH = YES;
				"CODE_SIGN_IDENTITY[sdk=iphoneos*]" = "iPhone Developer";
				COPY_PHASE_STRIP = NO;
				DEBUG_INFORMATION_FORMAT = dwarf;
				ENABLE_STRICT_OBJC_MSGSEND = YES;
				ENABLE_TESTABILITY = YES;
				GCC_C_LANGUAGE_STANDARD = gnu99;
				GCC_DYNAMIC_NO_PIC = NO;
				GCC_NO_COMMON_BLOCKS = YES;
				GCC_OPTIMIZATION_LEVEL = 0;
				GCC_PREPROCESSOR_DEFINITIONS = (
					"DEBUG=1",
					"$(inherited)",
				);
				GCC_WARN_64_TO_32_BIT_CONVERSION = YES;
				GCC_WARN_ABOUT_RETURN_TYPE = YES_ERROR;
				GCC_WARN_UNDECLARED_SELECTOR = YES;
				GCC_WARN_UNINITIALIZED_AUTOS = YES_AGGRESSIVE;
				GCC_WARN_UNUSED_FUNCTION = YES;
				GCC_WARN_UNUSED_VARIABLE = YES;
				IPHONEOS_DEPLOYMENT_TARGET = 9.3;
				MTL_ENABLE_DEBUG_INFO = YES;
				ONLY_ACTIVE_ARCH = YES;
				SDKROOT = iphoneos;
				SWIFT_OPTIMIZATION_LEVEL = "-Onone";
				TARGETED_DEVICE_FAMILY = "1,2";
			};
			name = Debug;
		};
		9B66D36E1D073EFC0099C670 /* Release */ = {
			isa = XCBuildConfiguration;
			buildSettings = {
				ALWAYS_SEARCH_USER_PATHS = NO;
				CLANG_ANALYZER_NONNULL = YES;
				CLANG_CXX_LANGUAGE_STANDARD = "gnu++0x";
				CLANG_CXX_LIBRARY = "libc++";
				CLANG_ENABLE_MODULES = YES;
				CLANG_ENABLE_OBJC_ARC = YES;
				CLANG_WARN_BOOL_CONVERSION = YES;
				CLANG_WARN_CONSTANT_CONVERSION = YES;
				CLANG_WARN_DIRECT_OBJC_ISA_USAGE = YES_ERROR;
				CLANG_WARN_EMPTY_BODY = YES;
				CLANG_WARN_ENUM_CONVERSION = YES;
				CLANG_WARN_INT_CONVERSION = YES;
				CLANG_WARN_OBJC_ROOT_CLASS = YES_ERROR;
				CLANG_WARN_UNREACHABLE_CODE = YES;
				CLANG_WARN__DUPLICATE_METHOD_MATCH = YES;
				"CODE_SIGN_IDENTITY[sdk=iphoneos*]" = "iPhone Developer";
				COPY_PHASE_STRIP = NO;
				DEBUG_INFORMATION_FORMAT = "dwarf-with-dsym";
				ENABLE_NS_ASSERTIONS = NO;
				ENABLE_STRICT_OBJC_MSGSEND = YES;
				GCC_C_LANGUAGE_STANDARD = gnu99;
				GCC_NO_COMMON_BLOCKS = YES;
				GCC_WARN_64_TO_32_BIT_CONVERSION = YES;
				GCC_WARN_ABOUT_RETURN_TYPE = YES_ERROR;
				GCC_WARN_UNDECLARED_SELECTOR = YES;
				GCC_WARN_UNINITIALIZED_AUTOS = YES_AGGRESSIVE;
				GCC_WARN_UNUSED_FUNCTION = YES;
				GCC_WARN_UNUSED_VARIABLE = YES;
				IPHONEOS_DEPLOYMENT_TARGET = 9.3;
				MTL_ENABLE_DEBUG_INFO = NO;
				SDKROOT = iphoneos;
				TARGETED_DEVICE_FAMILY = "1,2";
				VALIDATE_PRODUCT = YES;
			};
			name = Release;
		};
		9B66D3701D073EFC0099C670 /* Debug */ = {
			isa = XCBuildConfiguration;
			buildSettings = {
				ASSETCATALOG_COMPILER_APPICON_NAME = AppIcon;
				INFOPLIST_FILE = "Electronic Eye Manager/Info.plist";
				LD_RUNPATH_SEARCH_PATHS = "$(inherited) @executable_path/Frameworks";
				PRODUCT_BUNDLE_IDENTIFIER = "com.skullcup.Electronic-Eye-Manager";
				PRODUCT_NAME = "$(TARGET_NAME)";
				TARGETED_DEVICE_FAMILY = 2;
			};
			name = Debug;
		};
		9B66D3711D073EFC0099C670 /* Release */ = {
			isa = XCBuildConfiguration;
			buildSettings = {
				ASSETCATALOG_COMPILER_APPICON_NAME = AppIcon;
				INFOPLIST_FILE = "Electronic Eye Manager/Info.plist";
				LD_RUNPATH_SEARCH_PATHS = "$(inherited) @executable_path/Frameworks";
				PRODUCT_BUNDLE_IDENTIFIER = "com.skullcup.Electronic-Eye-Manager";
				PRODUCT_NAME = "$(TARGET_NAME)";
				TARGETED_DEVICE_FAMILY = 2;
			};
			name = Release;
		};
/* End XCBuildConfiguration section */

/* Begin XCConfigurationList section */
		9B66D3551D073EFC0099C670 /* Build configuration list for PBXProject "Electronic Eye Manager" */ = {
			isa = XCConfigurationList;
			buildConfigurations = (
				9B66D36D1D073EFC0099C670 /* Debug */,
				9B66D36E1D073EFC0099C670 /* Release */,
			);
			defaultConfigurationIsVisible = 0;
			defaultConfigurationName = Release;
		};
		9B66D36F1D073EFC0099C670 /* Build configuration list for PBXNativeTarget "Electronic Eye Manager" */ = {
			isa = XCConfigurationList;
			buildConfigurations = (
				9B66D3701D073EFC0099C670 /* Debug */,
				9B66D3711D073EFC0099C670 /* Release */,
			);
			defaultConfigurationIsVisible = 0;
			defaultConfigurationName = Release;
		};
/* End XCConfigurationList section */

/* Begin XCVersionGroup section */
		9B66D3641D073EFC0099C670 /* Electronic_Eye_Manager.xcdatamodeld */ = {
			isa = XCVersionGroup;
			children = (
				9B66D3651D073EFC0099C670 /* Electronic_Eye_Manager.xcdatamodel */,
			);
			currentVersion = 9B66D3651D073EFC0099C670 /* Electronic_Eye_Manager.xcdatamodel */;
			path = Electronic_Eye_Manager.xcdatamodeld;
			sourceTree = "<group>";
			versionGroupType = wrapper.xcdatamodel;
		};
/* End XCVersionGroup section */
	};
	rootObject = 9B66D3521D073EFC0099C670 /* Project object */;
}
